
Microsoft Visual Studio Solution File, Format Version 12.00
# Visual Studio Version 17
VisualStudioVersion = 17.4.33205.214
MinimumVisualStudioVersion = 10.0.40219.1
Project("{FAE04EC0-301F-11D3-BF4B-00C04F79EFBC}") = "Vosktest1", "Vosktest1\Vosktest1.csproj", "{EAC277E3-3BC6-4922-AC57-1A24F260FFA3}"
EndProject
Global
	GlobalSection(SolutionConfigurationPlatforms) = preSolution
		Debug|Any CPU = Debug|Any CPU
		Release|Any CPU = Release|Any CPU
	EndGlobalSection
	GlobalSection(ProjectConfigurationPlatforms) = postSolution
		{EAC277E3-3BC6-4922-AC57-1A24F260FFA3}.Debug|Any CPU.ActiveCfg = Debug|Any CPU
		{EAC277E3-3BC6-4922-AC57-1A24F260FFA3}.Debug|Any CPU.Build.0 = Debug|Any CPU
		{EAC277E3-3BC6-4922-AC57-1A24F260FFA3}.Release|Any CPU.ActiveCfg = Release|Any CPU
		{EAC277E3-3BC6-4922-AC57-1A24F260FFA3}.Release|Any CPU.Build.0 = Release|Any CPU
	EndGlobalSection
	GlobalSection(SolutionProperties) = preSolution
		HideSolutionNode = FALSE
	EndGlobalSection
	GlobalSection(ExtensibilityGlobals) = postSolution
		SolutionGuid = {4080D997-4368-4EE7-B72F-15687EB5B32E}
	EndGlobalSection
EndGlobal
